PODS:
  - PLCameraStreamingKit (1.1.1):
    - PLCameraStreamingKit/precompiled (= 1.1.1)
  - PLCameraStreamingKit/precompiled (1.1.1)

DEPENDENCIES:
  - PLCameraStreamingKit (from `../`)

EXTERNAL SOURCES:
  PLCameraStreamingKit:
    :path: ../

SPEC CHECKSUMS:
  PLCameraStreamingKit: 388a99c4e5e2c2ca68e9874b11dbe00c75decc01

COCOAPODS: 0.35.0
