PODS:
  - PLCameraStreamingKit (1.4.16):
    - PLCameraStreamingKit/precompiled (= 1.4.16)
  - PLCameraStreamingKit/precompiled (1.4.16)

DEPENDENCIES:
  - PLCameraStreamingKit (from `../`)

EXTERNAL SOURCES:
  PLCameraStreamingKit:
    :path: ../

SPEC CHECKSUMS:
  PLCameraStreamingKit: ce06124e0197049058f8a42d59735ba0aba4bec1

COCOAPODS: 0.39.0
