PODS:
  - PLCameraStreamingKit (1.1.0):
    - PLCameraStreamingKit/precompiled (= 1.1.0)
  - PLCameraStreamingKit/precompiled (1.1.0)

DEPENDENCIES:
  - PLCameraStreamingKit (from `../`)

EXTERNAL SOURCES:
  PLCameraStreamingKit:
    :path: ../

SPEC CHECKSUMS:
  PLCameraStreamingKit: 82a557b00ad96c0026ca8686ba9fcd5b70ef2078

COCOAPODS: 0.35.0
